// !$*UTF8*$!
{
	archiveVersion = 1;
	classes = {
	};
	objectVersion = 50;
	objects = {

/* Begin PBXBuildFile section */
		6802844F2577E0210005A849 /* EndScene.sks in Resources */ = {isa = PBXBuildFile; fileRef = 6802844E2577E0210005A849 /* EndScene.sks */; };
		680284522577E22F0005A849 /* EndScene.swift in Sources */ = {isa = PBXBuildFile; fileRef = 680284512577E22F0005A849 /* EndScene.swift */; };
		68130CBA257A1DCC005237FA /* Powerup.swift in Sources */ = {isa = PBXBuildFile; fileRef = 68130CB9257A1DCC005237FA /* Powerup.swift */; };
		68130CBD257B59C8005237FA /* Laser.swift in Sources */ = {isa = PBXBuildFile; fileRef = 68130CBC257B59C8005237FA /* Laser.swift */; };
		685FFFF125766774006E5420 /* Arkanoid.swift in Sources */ = {isa = PBXBuildFile; fileRef = 685FFFF025766774006E5420 /* Arkanoid.swift */; };
		686BDBE0256BE0C000A2AF17 /* BlockGrid.swift in Sources */ = {isa = PBXBuildFile; fileRef = 686BDBDF256BE0C000A2AF17 /* BlockGrid.swift */; };
		686BDBE3256BF94200A2AF17 /* Ball.swift in Sources */ = {isa = PBXBuildFile; fileRef = 686BDBE2256BF94200A2AF17 /* Ball.swift */; };
		686BDBE7256C000800A2AF17 /* Boom.sks in Resources */ = {isa = PBXBuildFile; fileRef = 686BDBE5256C000800A2AF17 /* Boom.sks */; };
		686BDBE8256C000800A2AF17 /* Assets.xcassets in Resources */ = {isa = PBXBuildFile; fileRef = 686BDBE6256C000800A2AF17 /* Assets.xcassets */; };
		686BDBEB256C0D7C00A2AF17 /* Paddle.swift in Sources */ = {isa = PBXBuildFile; fileRef = 686BDBEA256C0D7C00A2AF17 /* Paddle.swift */; };
		68C55930256D1E5E008F8871 /* Button.swift in Sources */ = {isa = PBXBuildFile; fileRef = 68C5592F256D1E5E008F8871 /* Button.swift */; };
		68C55934256D2266008F8871 /* MenuScene.sks in Resources */ = {isa = PBXBuildFile; fileRef = 68C55933256D2266008F8871 /* MenuScene.sks */; };
		68C55937256D22C9008F8871 /* MenuScene.swift in Sources */ = {isa = PBXBuildFile; fileRef = 68C55936256D22C9008F8871 /* MenuScene.swift */; };
		68F701082568DE4100E7754E /* AppDelegate.swift in Sources */ = {isa = PBXBuildFile; fileRef = 68F701072568DE4100E7754E /* AppDelegate.swift */; };
		68F7010A2568DE4100E7754E /* GameScene.sks in Resources */ = {isa = PBXBuildFile; fileRef = 68F701092568DE4100E7754E /* GameScene.sks */; };
		68F7010E2568DE4100E7754E /* GameScene.swift in Sources */ = {isa = PBXBuildFile; fileRef = 68F7010D2568DE4100E7754E /* GameScene.swift */; };
		68F701102568DE4200E7754E /* GameViewController.swift in Sources */ = {isa = PBXBuildFile; fileRef = 68F7010F2568DE4200E7754E /* GameViewController.swift */; };
		68F701132568DE4200E7754E /* Main.storyboard in Resources */ = {isa = PBXBuildFile; fileRef = 68F701112568DE4200E7754E /* Main.storyboard */; };
		68F701152568DE4500E7754E /* Assets.xcassets in Resources */ = {isa = PBXBuildFile; fileRef = 68F701142568DE4500E7754E /* Assets.xcassets */; };
		68F7012D2569058B00E7754E /* Constants.swift in Sources */ = {isa = PBXBuildFile; fileRef = 68F7012C2569058B00E7754E /* Constants.swift */; };
/* End PBXBuildFile section */

/* Begin PBXFileReference section */
		6802844E2577E0210005A849 /* EndScene.sks */ = {isa = PBXFileReference; lastKnownFileType = file.sks; path = EndScene.sks; sourceTree = "<group>"; };
		680284512577E22F0005A849 /* EndScene.swift */ = {isa = PBXFileReference; lastKnownFileType = sourcecode.swift; path = EndScene.swift; sourceTree = "<group>"; };
		68130CB9257A1DCC005237FA /* Powerup.swift */ = {isa = PBXFileReference; lastKnownFileType = sourcecode.swift; path = Powerup.swift; sourceTree = "<group>"; };
		68130CBC257B59C8005237FA /* Laser.swift */ = {isa = PBXFileReference; lastKnownFileType = sourcecode.swift; path = Laser.swift; sourceTree = "<group>"; };
		685FFFF025766774006E5420 /* Arkanoid.swift */ = {isa = PBXFileReference; lastKnownFileType = sourcecode.swift; path = Arkanoid.swift; sourceTree = "<group>"; };
		686BDBDF256BE0C000A2AF17 /* BlockGrid.swift */ = {isa = PBXFileReference; lastKnownFileType = sourcecode.swift; path = BlockGrid.swift; sourceTree = "<group>"; };
		686BDBE2256BF94200A2AF17 /* Ball.swift */ = {isa = PBXFileReference; lastKnownFileType = sourcecode.swift; path = Ball.swift; sourceTree = "<group>"; };
		686BDBE5256C000800A2AF17 /* Boom.sks */ = {isa = PBXFileReference; lastKnownFileType = file.sks; path = Boom.sks; sourceTree = "<group>"; };
		686BDBE6256C000800A2AF17 /* Assets.xcassets */ = {isa = PBXFileReference; lastKnownFileType = folder.assetcatalog; path = Assets.xcassets; sourceTree = "<group>"; };
		686BDBEA256C0D7C00A2AF17 /* Paddle.swift */ = {isa = PBXFileReference; lastKnownFileType = sourcecode.swift; path = Paddle.swift; sourceTree = "<group>"; };
		68C5592F256D1E5E008F8871 /* Button.swift */ = {isa = PBXFileReference; lastKnownFileType = sourcecode.swift; path = Button.swift; sourceTree = "<group>"; };
		68C55933256D2266008F8871 /* MenuScene.sks */ = {isa = PBXFileReference; lastKnownFileType = file.sks; path = MenuScene.sks; sourceTree = "<group>"; };
		68C55936256D22C9008F8871 /* MenuScene.swift */ = {isa = PBXFileReference; lastKnownFileType = sourcecode.swift; path = MenuScene.swift; sourceTree = "<group>"; };
		68F701042568DE4100E7754E /* Arkanoid.app */ = {isa = PBXFileReference; explicitFileType = wrapper.application; includeInIndex = 0; path = Arkanoid.app; sourceTree = BUILT_PRODUCTS_DIR; };
		68F701072568DE4100E7754E /* AppDelegate.swift */ = {isa = PBXFileReference; lastKnownFileType = sourcecode.swift; path = AppDelegate.swift; sourceTree = "<group>"; };
		68F701092568DE4100E7754E /* GameScene.sks */ = {isa = PBXFileReference; lastKnownFileType = file.sks; path = GameScene.sks; sourceTree = "<group>"; };
		68F7010D2568DE4100E7754E /* GameScene.swift */ = {isa = PBXFileReference; lastKnownFileType = sourcecode.swift; path = GameScene.swift; sourceTree = "<group>"; };
		68F7010F2568DE4200E7754E /* GameViewController.swift */ = {isa = PBXFileReference; lastKnownFileType = sourcecode.swift; path = GameViewController.swift; sourceTree = "<group>"; };
		68F701122568DE4200E7754E /* Base */ = {isa = PBXFileReference; lastKnownFileType = file.storyboard; name = Base; path = Base.lproj/Main.storyboard; sourceTree = "<group>"; };
		68F701142568DE4500E7754E /* Assets.xcassets */ = {isa = PBXFileReference; lastKnownFileType = folder.assetcatalog; path = Assets.xcassets; sourceTree = "<group>"; };
		68F701162568DE4500E7754E /* Info.plist */ = {isa = PBXFileReference; lastKnownFileType = text.plist.xml; path = Info.plist; sourceTree = "<group>"; };
		68F7012C2569058B00E7754E /* Constants.swift */ = {isa = PBXFileReference; lastKnownFileType = sourcecode.swift; path = Constants.swift; sourceTree = "<group>"; };
/* End PBXFileReference section */

/* Begin PBXFrameworksBuildPhase section */
		68F701012568DE4100E7754E /* Frameworks */ = {
			isa = PBXFrameworksBuildPhase;
			buildActionMask = 2147483647;
			files = (
			);
			runOnlyForDeploymentPostprocessing = 0;
		};
/* End PBXFrameworksBuildPhase section */

/* Begin PBXGroup section */
		685FFFEF25766765006E5420 /* Model */ = {
			isa = PBXGroup;
			children = (
				685FFFF025766774006E5420 /* Arkanoid.swift */,
			);
			path = Model;
			sourceTree = "<group>";
		};
		68C55932256D2227008F8871 /* Scenes */ = {
			isa = PBXGroup;
			children = (
				68F701092568DE4100E7754E /* GameScene.sks */,
				68F7010D2568DE4100E7754E /* GameScene.swift */,
				68C55933256D2266008F8871 /* MenuScene.sks */,
				68C55936256D22C9008F8871 /* MenuScene.swift */,
				6802844E2577E0210005A849 /* EndScene.sks */,
				680284512577E22F0005A849 /* EndScene.swift */,
			);
			path = Scenes;
			sourceTree = "<group>";
		};
		68F700FB2568DE4100E7754E = {
			isa = PBXGroup;
			children = (
				68F701062568DE4100E7754E /* Arkanoid */,
				68F701052568DE4100E7754E /* Products */,
			);
			sourceTree = "<group>";
		};
		68F701052568DE4100E7754E /* Products */ = {
			isa = PBXGroup;
			children = (
				68F701042568DE4100E7754E /* Arkanoid.app */,
			);
			name = Products;
			sourceTree = "<group>";
		};
		68F701062568DE4100E7754E /* Arkanoid */ = {
			isa = PBXGroup;
			children = (
				685FFFEF25766765006E5420 /* Model */,
				68C55932256D2227008F8871 /* Scenes */,
				68F7012F2569065F00E7754E /* view */,
				68F701072568DE4100E7754E /* AppDelegate.swift */,
				68F7010F2568DE4200E7754E /* GameViewController.swift */,
				68F701112568DE4200E7754E /* Main.storyboard */,
				68F701142568DE4500E7754E /* Assets.xcassets */,
				68F701162568DE4500E7754E /* Info.plist */,
				68F7012C2569058B00E7754E /* Constants.swift */,
			);
			path = Arkanoid;
			sourceTree = "<group>";
		};
		68F7012F2569065F00E7754E /* view */ = {
			isa = PBXGroup;
			children = (
				686BDBDF256BE0C000A2AF17 /* BlockGrid.swift */,
				686BDBE2256BF94200A2AF17 /* Ball.swift */,
				686BDBE5256C000800A2AF17 /* Boom.sks */,
				686BDBE6256C000800A2AF17 /* Assets.xcassets */,
				686BDBEA256C0D7C00A2AF17 /* Paddle.swift */,
				68C5592F256D1E5E008F8871 /* Button.swift */,
				68130CB9257A1DCC005237FA /* Powerup.swift */,
				68130CBC257B59C8005237FA /* Laser.swift */,
			);
			path = view;
			sourceTree = "<group>";
		};
/* End PBXGroup section */

/* Begin PBXNativeTarget section */
		68F701032568DE4100E7754E /* Arkanoid */ = {
			isa = PBXNativeTarget;
			buildConfigurationList = 68F701192568DE4500E7754E /* Build configuration list for PBXNativeTarget "Arkanoid" */;
			buildPhases = (
				68F701002568DE4100E7754E /* Sources */,
				68F701012568DE4100E7754E /* Frameworks */,
				68F701022568DE4100E7754E /* Resources */,
			);
			buildRules = (
			);
			dependencies = (
			);
			name = Arkanoid;
			productName = Arkanoid;
			productReference = 68F701042568DE4100E7754E /* Arkanoid.app */;
			productType = "com.apple.product-type.application";
		};
/* End PBXNativeTarget section */

/* Begin PBXProject section */
		68F700FC2568DE4100E7754E /* Project object */ = {
			isa = PBXProject;
			attributes = {
				LastSwiftUpdateCheck = 1210;
				LastUpgradeCheck = 1210;
				TargetAttributes = {
					68F701032568DE4100E7754E = {
						CreatedOnToolsVersion = 12.1;
					};
				};
			};
			buildConfigurationList = 68F700FF2568DE4100E7754E /* Build configuration list for PBXProject "Arkanoid" */;
			compatibilityVersion = "Xcode 9.3";
			developmentRegion = en;
			hasScannedForEncodings = 0;
			knownRegions = (
				en,
				Base,
			);
			mainGroup = 68F700FB2568DE4100E7754E;
			productRefGroup = 68F701052568DE4100E7754E /* Products */;
			projectDirPath = "";
			projectRoot = "";
			targets = (
				68F701032568DE4100E7754E /* Arkanoid */,
			);
		};
/* End PBXProject section */

/* Begin PBXResourcesBuildPhase section */
		68F701022568DE4100E7754E /* Resources */ = {
			isa = PBXResourcesBuildPhase;
			buildActionMask = 2147483647;
			files = (
				686BDBE7256C000800A2AF17 /* Boom.sks in Resources */,
				68C55934256D2266008F8871 /* MenuScene.sks in Resources */,
				68F701132568DE4200E7754E /* Main.storyboard in Resources */,
				68F7010A2568DE4100E7754E /* GameScene.sks in Resources */,
				68F701152568DE4500E7754E /* Assets.xcassets in Resources */,
				6802844F2577E0210005A849 /* EndScene.sks in Resources */,
				686BDBE8256C000800A2AF17 /* Assets.xcassets in Resources */,
			);
			runOnlyForDeploymentPostprocessing = 0;
		};
/* End PBXResourcesBuildPhase section */

/* Begin PBXSourcesBuildPhase section */
		68F701002568DE4100E7754E /* Sources */ = {
			isa = PBXSourcesBuildPhase;
			buildActionMask = 2147483647;
			files = (
				685FFFF125766774006E5420 /* Arkanoid.swift in Sources */,
				68F7010E2568DE4100E7754E /* GameScene.swift in Sources */,
				68130CBA257A1DCC005237FA /* Powerup.swift in Sources */,
				686BDBEB256C0D7C00A2AF17 /* Paddle.swift in Sources */,
				68F701102568DE4200E7754E /* GameViewController.swift in Sources */,
				68C55937256D22C9008F8871 /* MenuScene.swift in Sources */,
				68130CBD257B59C8005237FA /* Laser.swift in Sources */,
				68C55930256D1E5E008F8871 /* Button.swift in Sources */,
				680284522577E22F0005A849 /* EndScene.swift in Sources */,
				686BDBE0256BE0C000A2AF17 /* BlockGrid.swift in Sources */,
				68F701082568DE4100E7754E /* AppDelegate.swift in Sources */,
				686BDBE3256BF94200A2AF17 /* Ball.swift in Sources */,
				68F7012D2569058B00E7754E /* Constants.swift in Sources */,
			);
			runOnlyForDeploymentPostprocessing = 0;
		};
/* End PBXSourcesBuildPhase section */

/* Begin PBXVariantGroup section */
		68F701112568DE4200E7754E /* Main.storyboard */ = {
			isa = PBXVariantGroup;
			children = (
				68F701122568DE4200E7754E /* Base */,
			);
			name = Main.storyboard;
			sourceTree = "<group>";
		};
/* End PBXVariantGroup section */

/* Begin XCBuildConfiguration section */
		68F701172568DE4500E7754E /* Debug */ = {
			isa = XCBuildConfiguration;
			buildSettings = {
				ALWAYS_SEARCH_USER_PATHS = NO;
				CLANG_ANALYZER_NONNULL = YES;
				CLANG_ANALYZER_NUMBER_OBJECT_CONVERSION = YES_AGGRESSIVE;
				CLANG_CXX_LANGUAGE_STANDARD = "gnu++14";
				CLANG_CXX_LIBRARY = "libc++";
				CLANG_ENABLE_MODULES = YES;
				CLANG_ENABLE_OBJC_ARC = YES;
				CLANG_ENABLE_OBJC_WEAK = YES;
				CLANG_WARN_BLOCK_CAPTURE_AUTORELEASING = YES;
				CLANG_WARN_BOOL_CONVERSION = YES;
				CLANG_WARN_COMMA = YES;
				CLANG_WARN_CONSTANT_CONVERSION = YES;
				CLANG_WARN_DEPRECATED_OBJC_IMPLEMENTATIONS = YES;
				CLANG_WARN_DIRECT_OBJC_ISA_USAGE = YES_ERROR;
				CLANG_WARN_DOCUMENTATION_COMMENTS = YES;
				CLANG_WARN_EMPTY_BODY = YES;
				CLANG_WARN_ENUM_CONVERSION = YES;
				CLANG_WARN_INFINITE_RECURSION = YES;
				CLANG_WARN_INT_CONVERSION = YES;
				CLANG_WARN_NON_LITERAL_NULL_CONVERSION = YES;
				CLANG_WARN_OBJC_IMPLICIT_RETAIN_SELF = YES;
				CLANG_WARN_OBJC_LITERAL_CONVERSION = YES;
				CLANG_WARN_OBJC_ROOT_CLASS = YES_ERROR;
				CLANG_WARN_QUOTED_INCLUDE_IN_FRAMEWORK_HEADER = YES;
				CLANG_WARN_RANGE_LOOP_ANALYSIS = YES;
				CLANG_WARN_STRICT_PROTOTYPES = YES;
				CLANG_WARN_SUSPICIOUS_MOVE = YES;
				CLANG_WARN_UNGUARDED_AVAILABILITY = YES_AGGRESSIVE;
				CLANG_WARN_UNREACHABLE_CODE = YES;
				CLANG_WARN__DUPLICATE_METHOD_MATCH = YES;
				COPY_PHASE_STRIP = NO;
				DEBUG_INFORMATION_FORMAT = dwarf;
				ENABLE_STRICT_OBJC_MSGSEND = YES;
				ENABLE_TESTABILITY = YES;
				GCC_C_LANGUAGE_STANDARD = gnu11;
				GCC_DYNAMIC_NO_PIC = NO;
				GCC_NO_COMMON_BLOCKS = YES;
				GCC_OPTIMIZATION_LEVEL = 0;
				GCC_PREPROCESSOR_DEFINITIONS = (
					"DEBUG=1",
					"$(inherited)",
				);
				GCC_WARN_64_TO_32_BIT_CONVERSION = YES;
				GCC_WARN_ABOUT_RETURN_TYPE = YES_ERROR;
				GCC_WARN_UNDECLARED_SELECTOR = YES;
				GCC_WARN_UNINITIALIZED_AUTOS = YES_AGGRESSIVE;
				GCC_WARN_UNUSED_FUNCTION = YES;
				GCC_WARN_UNUSED_VARIABLE = YES;
				IPHONEOS_DEPLOYMENT_TARGET = 14.2;
				MTL_ENABLE_DEBUG_INFO = INCLUDE_SOURCE;
				MTL_FAST_MATH = YES;
				ONLY_ACTIVE_ARCH = YES;
				SDKROOT = iphoneos;
				SWIFT_ACTIVE_COMPILATION_CONDITIONS = DEBUG;
				SWIFT_OPTIMIZATION_LEVEL = "-Onone";
			};
			name = Debug;
		};
		68F701182568DE4500E7754E /* Release */ = {
			isa = XCBuildConfiguration;
			buildSettings = {
				ALWAYS_SEARCH_USER_PATHS = NO;
				CLANG_ANALYZER_NONNULL = YES;
				CLANG_ANALYZER_NUMBER_OBJECT_CONVERSION = YES_AGGRESSIVE;
				CLANG_CXX_LANGUAGE_STANDARD = "gnu++14";
				CLANG_CXX_LIBRARY = "libc++";
				CLANG_ENABLE_MODULES = YES;
				CLANG_ENABLE_OBJC_ARC = YES;
				CLANG_ENABLE_OBJC_WEAK = YES;
				CLANG_WARN_BLOCK_CAPTURE_AUTORELEASING = YES;
				CLANG_WARN_BOOL_CONVERSION = YES;
				CLANG_WARN_COMMA = YES;
				CLANG_WARN_CONSTANT_CONVERSION = YES;
				CLANG_WARN_DEPRECATED_OBJC_IMPLEMENTATIONS = YES;
				CLANG_WARN_DIRECT_OBJC_ISA_USAGE = YES_ERROR;
				CLANG_WARN_DOCUMENTATION_COMMENTS = YES;
				CLANG_WARN_EMPTY_BODY = YES;
				CLANG_WARN_ENUM_CONVERSION = YES;
				CLANG_WARN_INFINITE_RECURSION = YES;
				CLANG_WARN_INT_CONVERSION = YES;
				CLANG_WARN_NON_LITERAL_NULL_CONVERSION = YES;
				CLANG_WARN_OBJC_IMPLICIT_RETAIN_SELF = YES;
				CLANG_WARN_OBJC_LITERAL_CONVERSION = YES;
				CLANG_WARN_OBJC_ROOT_CLASS = YES_ERROR;
				CLANG_WARN_QUOTED_INCLUDE_IN_FRAMEWORK_HEADER = YES;
				CLANG_WARN_RANGE_LOOP_ANALYSIS = YES;
				CLANG_WARN_STRICT_PROTOTYPES = YES;
				CLANG_WARN_SUSPICIOUS_MOVE = YES;
				CLANG_WARN_UNGUARDED_AVAILABILITY = YES_AGGRESSIVE;
				CLANG_WARN_UNREACHABLE_CODE = YES;
				CLANG_WARN__DUPLICATE_METHOD_MATCH = YES;
				COPY_PHASE_STRIP = NO;
				DEBUG_INFORMATION_FORMAT = "dwarf-with-dsym";
				ENABLE_NS_ASSERTIONS = NO;
				ENABLE_STRICT_OBJC_MSGSEND = YES;
				GCC_C_LANGUAGE_STANDARD = gnu11;
				GCC_NO_COMMON_BLOCKS = YES;
				GCC_WARN_64_TO_32_BIT_CONVERSION = YES;
				GCC_WARN_ABOUT_RETURN_TYPE = YES_ERROR;
				GCC_WARN_UNDECLARED_SELECTOR = YES;
				GCC_WARN_UNINITIALIZED_AUTOS = YES_AGGRESSIVE;
				GCC_WARN_UNUSED_FUNCTION = YES;
				GCC_WARN_UNUSED_VARIABLE = YES;
				IPHONEOS_DEPLOYMENT_TARGET = 14.2;
				MTL_ENABLE_DEBUG_INFO = NO;
				MTL_FAST_MATH = YES;
				SDKROOT = iphoneos;
				SWIFT_COMPILATION_MODE = wholemodule;
				SWIFT_OPTIMIZATION_LEVEL = "-O";
				VALIDATE_PRODUCT = YES;
			};
			name = Release;
		};
		68F7011A2568DE4500E7754E /* Debug */ = {
			isa = XCBuildConfiguration;
			buildSettings = {
				ASSETCATALOG_COMPILER_APPICON_NAME = AppIcon;
				ASSETCATALOG_COMPILER_GLOBAL_ACCENT_COLOR_NAME = AccentColor;
				CODE_SIGN_STYLE = Automatic;
				DEVELOPMENT_TEAM = 59K9792Q3F;
				INFOPLIST_FILE = Arkanoid/Info.plist;
				LD_RUNPATH_SEARCH_PATHS = (
					"$(inherited)",
					"@executable_path/Frameworks",
				);
				PRODUCT_BUNDLE_IDENTIFIER = cn.edu.nju.Arkanoid;
				PRODUCT_NAME = "$(TARGET_NAME)";
				SWIFT_VERSION = 5.0;
				TARGETED_DEVICE_FAMILY = 1;
			};
			name = Debug;
		};
		68F7011B2568DE4500E7754E /* Release */ = {
			isa = XCBuildConfiguration;
			buildSettings = {
				ASSETCATALOG_COMPILER_APPICON_NAME = AppIcon;
				ASSETCATALOG_COMPILER_GLOBAL_ACCENT_COLOR_NAME = AccentColor;
				CODE_SIGN_STYLE = Automatic;
				DEVELOPMENT_TEAM = 59K9792Q3F;
				INFOPLIST_FILE = Arkanoid/Info.plist;
				LD_RUNPATH_SEARCH_PATHS = (
					"$(inherited)",
					"@executable_path/Frameworks",
				);
				PRODUCT_BUNDLE_IDENTIFIER = cn.edu.nju.Arkanoid;
				PRODUCT_NAME = "$(TARGET_NAME)";
				SWIFT_VERSION = 5.0;
				TARGETED_DEVICE_FAMILY = 1;
			};
			name = Release;
		};
/* End XCBuildConfiguration section */

/* Begin XCConfigurationList section */
		68F700FF2568DE4100E7754E /* Build configuration list for PBXProject "Arkanoid" */ = {
			isa = XCConfigurationList;
			buildConfigurations = (
				68F701172568DE4500E7754E /* Debug */,
				68F701182568DE4500E7754E /* Release */,
			);
			defaultConfigurationIsVisible = 0;
			defaultConfigurationName = Release;
		};
		68F701192568DE4500E7754E /* Build configuration list for PBXNativeTarget "Arkanoid" */ = {
			isa = XCConfigurationList;
			buildConfigurations = (
				68F7011A2568DE4500E7754E /* Debug */,
				68F7011B2568DE4500E7754E /* Release */,
			);
			defaultConfigurationIsVisible = 0;
			defaultConfigurationName = Release;
		};
/* End XCConfigurationList section */
	};
	rootObject = 68F700FC2568DE4100E7754E /* Project object */;
}
